
Microsoft Visual Studio Solution File, Format Version 12.00
Project("{FAE04EC0-301F-11D3-BF4B-00C04F79EFBC}") = "ClassesAndObjects", "ClassesAndObjects\ClassesAndObjects.csproj", "{96167800-F53F-48DE-91C1-02FC6EB52FF2}"
EndProject
Global
	GlobalSection(SolutionConfigurationPlatforms) = preSolution
		Debug|Any CPU = Debug|Any CPU
		Release|Any CPU = Release|Any CPU
	EndGlobalSection
	GlobalSection(ProjectConfigurationPlatforms) = postSolution
		{96167800-F53F-48DE-91C1-02FC6EB52FF2}.Debug|Any CPU.ActiveCfg = Debug|Any CPU
		{96167800-F53F-48DE-91C1-02FC6EB52FF2}.Debug|Any CPU.Build.0 = Debug|Any CPU
		{96167800-F53F-48DE-91C1-02FC6EB52FF2}.Release|Any CPU.ActiveCfg = Release|Any CPU
		{96167800-F53F-48DE-91C1-02FC6EB52FF2}.Release|Any CPU.Build.0 = Release|Any CPU
	EndGlobalSection
EndGlobal
